
Microsoft Visual Studio Solution File, Format Version 12.00
# Visual Studio 14
VisualStudioVersion = 14.0.23107.0
MinimumVisualStudioVersion = 10.0.40219.1
Project("{FAE04EC0-301F-11D3-BF4B-00C04F79EFBC}") = "Defile.Domaine", "Defile.Domaine\Defile.Domaine.csproj", "{3C67542E-C8CF-46D2-AB7F-8F0B3DE75CDC}"
EndProject
Project("{FAE04EC0-301F-11D3-BF4B-00C04F79EFBC}") = "Defile.Data", "Defile.Data\Defile.Data.csproj", "{C00040A0-9603-471C-995E-6659F9593379}"
EndProject
Project("{FAE04EC0-301F-11D3-BF4B-00C04F79EFBC}") = "Defile.Service", "Defile.Service\Defile.Service.csproj", "{966598A2-5ED6-4254-A82F-24AF153711B3}"
EndProject
Project("{FAE04EC0-301F-11D3-BF4B-00C04F79EFBC}") = "Defile.Console", "Defile.Console\Defile.Console.csproj", "{9B43E880-0F09-4097-815E-C7DF91242C5C}"
EndProject
Project("{FAE04EC0-301F-11D3-BF4B-00C04F79EFBC}") = "Service.Pattern", "..\MyFinance\Service.Pattern\Service.Pattern.csproj", "{83573498-3916-4143-BAB7-2AE6454EAEF4}"
EndProject
Project("{FAE04EC0-301F-11D3-BF4B-00C04F79EFBC}") = "Defile.Web", "Defile.Web\Defile.Web.csproj", "{A57E3EF1-0FFF-4A05-91E3-79F24D8C75EA}"
EndProject
Global
	GlobalSection(SolutionConfigurationPlatforms) = preSolution
		Debug|Any CPU = Debug|Any CPU
		Release|Any CPU = Release|Any CPU
	EndGlobalSection
	GlobalSection(ProjectConfigurationPlatforms) = postSolution
		{3C67542E-C8CF-46D2-AB7F-8F0B3DE75CDC}.Debug|Any CPU.ActiveCfg = Debug|Any CPU
		{3C67542E-C8CF-46D2-AB7F-8F0B3DE75CDC}.Debug|Any CPU.Build.0 = Debug|Any CPU
		{3C67542E-C8CF-46D2-AB7F-8F0B3DE75CDC}.Release|Any CPU.ActiveCfg = Release|Any CPU
		{3C67542E-C8CF-46D2-AB7F-8F0B3DE75CDC}.Release|Any CPU.Build.0 = Release|Any CPU
		{C00040A0-9603-471C-995E-6659F9593379}.Debug|Any CPU.ActiveCfg = Debug|Any CPU
		{C00040A0-9603-471C-995E-6659F9593379}.Debug|Any CPU.Build.0 = Debug|Any CPU
		{C00040A0-9603-471C-995E-6659F9593379}.Release|Any CPU.ActiveCfg = Release|Any CPU
		{C00040A0-9603-471C-995E-6659F9593379}.Release|Any CPU.Build.0 = Release|Any CPU
		{966598A2-5ED6-4254-A82F-24AF153711B3}.Debug|Any CPU.ActiveCfg = Debug|Any CPU
		{966598A2-5ED6-4254-A82F-24AF153711B3}.Debug|Any CPU.Build.0 = Debug|Any CPU
		{966598A2-5ED6-4254-A82F-24AF153711B3}.Release|Any CPU.ActiveCfg = Release|Any CPU
		{966598A2-5ED6-4254-A82F-24AF153711B3}.Release|Any CPU.Build.0 = Release|Any CPU
		{9B43E880-0F09-4097-815E-C7DF91242C5C}.Debug|Any CPU.ActiveCfg = Debug|Any CPU
		{9B43E880-0F09-4097-815E-C7DF91242C5C}.Debug|Any CPU.Build.0 = Debug|Any CPU
		{9B43E880-0F09-4097-815E-C7DF91242C5C}.Release|Any CPU.ActiveCfg = Release|Any CPU
		{9B43E880-0F09-4097-815E-C7DF91242C5C}.Release|Any CPU.Build.0 = Release|Any CPU
		{83573498-3916-4143-BAB7-2AE6454EAEF4}.Debug|Any CPU.ActiveCfg = Debug|Any CPU
		{83573498-3916-4143-BAB7-2AE6454EAEF4}.Debug|Any CPU.Build.0 = Debug|Any CPU
		{83573498-3916-4143-BAB7-2AE6454EAEF4}.Release|Any CPU.ActiveCfg = Release|Any CPU
		{83573498-3916-4143-BAB7-2AE6454EAEF4}.Release|Any CPU.Build.0 = Release|Any CPU
		{A57E3EF1-0FFF-4A05-91E3-79F24D8C75EA}.Debug|Any CPU.ActiveCfg = Debug|Any CPU
		{A57E3EF1-0FFF-4A05-91E3-79F24D8C75EA}.Debug|Any CPU.Build.0 = Debug|Any CPU
		{A57E3EF1-0FFF-4A05-91E3-79F24D8C75EA}.Release|Any CPU.ActiveCfg = Release|Any CPU
		{A57E3EF1-0FFF-4A05-91E3-79F24D8C75EA}.Release|Any CPU.Build.0 = Release|Any CPU
	EndGlobalSection
	GlobalSection(SolutionProperties) = preSolution
		HideSolutionNode = FALSE
	EndGlobalSection
EndGlobal
